
Microsoft Visual Studio Solution File, Format Version 12.00
# Visual Studio Version 17
VisualStudioVersion = 17.10.34928.147
MinimumVisualStudioVersion = 10.0.40219.1
Project("{FAE04EC0-301F-11D3-BF4B-00C04F79EFBC}") = "Calcualtor", "Calcualtor\Calcualtor.csproj", "{B0CDACED-76BC-49BA-8249-409D1971705B}"
EndProject
Global
	GlobalSection(SolutionConfigurationPlatforms) = preSolution
		Debug|Any CPU = Debug|Any CPU
		Release|Any CPU = Release|Any CPU
	EndGlobalSection
	GlobalSection(ProjectConfigurationPlatforms) = postSolution
		{B0CDACED-76BC-49BA-8249-409D1971705B}.Debug|Any CPU.ActiveCfg = Debug|Any CPU
		{B0CDACED-76BC-49BA-8249-409D1971705B}.Debug|Any CPU.Build.0 = Debug|Any CPU
		{B0CDACED-76BC-49BA-8249-409D1971705B}.Release|Any CPU.ActiveCfg = Release|Any CPU
		{B0CDACED-76BC-49BA-8249-409D1971705B}.Release|Any CPU.Build.0 = Release|Any CPU
	EndGlobalSection
	GlobalSection(SolutionProperties) = preSolution
		HideSolutionNode = FALSE
	EndGlobalSection
	GlobalSection(ExtensibilityGlobals) = postSolution
		SolutionGuid = {3A88C506-A33C-425E-B5C3-1AF2AF2C9F78}
	EndGlobalSection
EndGlobal
